
Microsoft Visual Studio Solution File, Format Version 12.00
# Visual Studio 15
VisualStudioVersion = 15.0.28307.489
MinimumVisualStudioVersion = 10.0.40219.1
Project("{6EC3EE1D-3C4E-46DD-8F32-0CC8E7565705}") = "Shrimp.Akkling.Cluster.Intergraction", "src\Shrimp.Akkling.Cluster.Intergraction\Shrimp.Akkling.Cluster.Intergraction.fsproj", "{4B3C9E16-B59B-4584-AA40-E1FB51897962}"
EndProject
Project("{6EC3EE1D-3C4E-46DD-8F32-0CC8E7565705}") = "Shrimp.Akkling.Cluster.Intergraction.Tests", "tests\Shrimp.Akkling.Cluster.Intergraction.Tests\Shrimp.Akkling.Cluster.Intergraction.Tests.fsproj", "{E7BFD67C-0CFF-4088-9B2C-C89B7D7FB802}"
EndProject
Project("{2150E333-8FDC-42A3-9474-1A3956D46DE8}") = "samples", "samples", "{ED3F0282-A715-4D4C-9E69-D8161D0941B8}"
EndProject
Project("{F2A71F9B-5D33-465A-A702-920D77279786}") = "Client", "samples\Communication\Client\Client.fsproj", "{620722CC-F7C8-4DCA-B31E-9E5A7785987D}"
EndProject
Project("{2150E333-8FDC-42A3-9474-1A3956D46DE8}") = "communication", "communication", "{6F951655-F9B0-43CC-99EF-EF6B66B44782}"
EndProject
Project("{F2A71F9B-5D33-465A-A702-920D77279786}") = "Server", "samples\Communication\Server\Server\Server.fsproj", "{CECF9C76-2832-4C57-B624-51993214F765}"
EndProject
Project("{F2A71F9B-5D33-465A-A702-920D77279786}") = "Shared", "samples\Communication\Shared\Shared\Shared.fsproj", "{F4C713FD-6AF8-4CB5-851A-FC43A45C90D5}"
EndProject
Global
	GlobalSection(SolutionConfigurationPlatforms) = preSolution
		Debug|Any CPU = Debug|Any CPU
		Release|Any CPU = Release|Any CPU
	EndGlobalSection
	GlobalSection(ProjectConfigurationPlatforms) = postSolution
		{4B3C9E16-B59B-4584-AA40-E1FB51897962}.Debug|Any CPU.ActiveCfg = Debug|Any CPU
		{4B3C9E16-B59B-4584-AA40-E1FB51897962}.Debug|Any CPU.Build.0 = Debug|Any CPU
		{4B3C9E16-B59B-4584-AA40-E1FB51897962}.Release|Any CPU.ActiveCfg = Release|Any CPU
		{4B3C9E16-B59B-4584-AA40-E1FB51897962}.Release|Any CPU.Build.0 = Release|Any CPU
		{E7BFD67C-0CFF-4088-9B2C-C89B7D7FB802}.Debug|Any CPU.ActiveCfg = Debug|Any CPU
		{E7BFD67C-0CFF-4088-9B2C-C89B7D7FB802}.Debug|Any CPU.Build.0 = Debug|Any CPU
		{E7BFD67C-0CFF-4088-9B2C-C89B7D7FB802}.Release|Any CPU.ActiveCfg = Release|Any CPU
		{E7BFD67C-0CFF-4088-9B2C-C89B7D7FB802}.Release|Any CPU.Build.0 = Release|Any CPU
		{620722CC-F7C8-4DCA-B31E-9E5A7785987D}.Debug|Any CPU.ActiveCfg = Debug|Any CPU
		{620722CC-F7C8-4DCA-B31E-9E5A7785987D}.Debug|Any CPU.Build.0 = Debug|Any CPU
		{620722CC-F7C8-4DCA-B31E-9E5A7785987D}.Release|Any CPU.ActiveCfg = Release|Any CPU
		{620722CC-F7C8-4DCA-B31E-9E5A7785987D}.Release|Any CPU.Build.0 = Release|Any CPU
		{CECF9C76-2832-4C57-B624-51993214F765}.Debug|Any CPU.ActiveCfg = Debug|Any CPU
		{CECF9C76-2832-4C57-B624-51993214F765}.Debug|Any CPU.Build.0 = Debug|Any CPU
		{CECF9C76-2832-4C57-B624-51993214F765}.Release|Any CPU.ActiveCfg = Release|Any CPU
		{CECF9C76-2832-4C57-B624-51993214F765}.Release|Any CPU.Build.0 = Release|Any CPU
		{F4C713FD-6AF8-4CB5-851A-FC43A45C90D5}.Debug|Any CPU.ActiveCfg = Debug|Any CPU
		{F4C713FD-6AF8-4CB5-851A-FC43A45C90D5}.Debug|Any CPU.Build.0 = Debug|Any CPU
		{F4C713FD-6AF8-4CB5-851A-FC43A45C90D5}.Release|Any CPU.ActiveCfg = Release|Any CPU
		{F4C713FD-6AF8-4CB5-851A-FC43A45C90D5}.Release|Any CPU.Build.0 = Release|Any CPU
	EndGlobalSection
	GlobalSection(SolutionProperties) = preSolution
		HideSolutionNode = FALSE
	EndGlobalSection
	GlobalSection(NestedProjects) = preSolution
		{620722CC-F7C8-4DCA-B31E-9E5A7785987D} = {6F951655-F9B0-43CC-99EF-EF6B66B44782}
		{6F951655-F9B0-43CC-99EF-EF6B66B44782} = {ED3F0282-A715-4D4C-9E69-D8161D0941B8}
		{CECF9C76-2832-4C57-B624-51993214F765} = {6F951655-F9B0-43CC-99EF-EF6B66B44782}
		{F4C713FD-6AF8-4CB5-851A-FC43A45C90D5} = {6F951655-F9B0-43CC-99EF-EF6B66B44782}
	EndGlobalSection
	GlobalSection(ExtensibilityGlobals) = postSolution
		SolutionGuid = {A27331D7-3531-441B-B6D2-EF1B699A09CF}
	EndGlobalSection
EndGlobal
